<?xml version="1.0" encoding="utf-8"?>
<Project ToolsVersion="4.0" xmlns="http://schemas.microsoft.com/developer/msbuild/2003">
  <ItemGroup>
    <ClCompile Include="Animation\Animation.cpp" />
    <ClCompile Include="Animation\SpriteImage.cpp" />
    <ClCompile Include="Background\Background.cpp" />
    <ClCompile Include="Components\Camera.cpp" />
    <ClCompile Include="Framework\Main.cpp" />
    <ClCompile Include="Manager\CollisionManager.cpp" />
    <ClCompile Include="Manager\GameManager.cpp" />
    <ClCompile Include="Manager\KeyboardManager.cpp" />
    <ClCompile Include="Manager\ObjectManager.cpp" />
    <ClCompile Include="Manager\RenderManager.cpp" />
    <ClCompile Include="Manager\TimerManager.cpp" />
    <ClCompile Include="Math\GameMath.cpp" />
    <ClCompile Include="Objects\Actors\Actor.cpp" />
    <ClCompile Include="Objects\Actors\Block.cpp" />
    <ClCompile Include="Objects\Actors\Characters\Character.cpp" />
    <ClCompile Include="Objects\Actors\Characters\Monster\DogHead.cpp" />
    <ClCompile Include="Objects\Actors\Characters\Monster\Durahan.cpp" />
    <ClCompile Include="Objects\Actors\Characters\Monster\Goblin.cpp" />
    <ClCompile Include="Objects\Actors\Characters\Monster\Monster.cpp" />
    <ClCompile Include="Objects\Actors\Characters\Player\Player.cpp" />
    <ClCompile Include="Objects\Actors\Weapon\EnergyBall.cpp" />
    <ClCompile Include="Objects\Actors\Weapon\Weapon.cpp" />
    <ClCompile Include="Objects\Object.cpp" />
    <ClCompile Include="Objects\Collision.cpp" />
    <ClCompile Include="Scene\TestScene.cpp" />
    <ClCompile Include="Structs\TextureInfo.cpp" />
    <ClCompile Include="Structs\SpriteInfo.cpp" />
    <ClCompile Include="Utilities\Keyboard.cpp" />
    <ClCompile Include="Utilities\Texture.cpp" />
    <ClCompile Include="Manager\PoolingSystem.cpp" />
    <ClCompile Include="Objects\Pooling\EnergyBallPooling.cpp" />
    <ClCompile Include="Manager\DamageHandle.cpp" />
    <ClCompile Include="Structs\CharacterStatus.cpp" />
    <ClCompile Include="AI\AIController.cpp" />
    <ClCompile Include="AI\DogHeadAIController.cpp" />
  </ItemGroup>
  <ItemGroup>
    <ClInclude Include="Animation\Animation.h" />
    <ClInclude Include="Animation\SpriteImage.h" />
    <ClInclude Include="Background\Background.h" />
    <ClInclude Include="Components\Camera.h" />
    <ClInclude Include="Enums\CharacterState.h" />
    <ClInclude Include="Enums\CollisionChannel.h" />
    <ClInclude Include="Enums\KeyValue.h" />
    <ClInclude Include="Enums\ObjectType.h" />
    <ClInclude Include="Framework\APIClient.h" />
    <ClInclude Include="Enums\Resolution.h" />
    <ClInclude Include="Framework\CharacterFramework.h" />
    <ClInclude Include="Framework\Framework.h" />
    <ClInclude Include="Manager\CollisionManager.h" />
    <ClInclude Include="Manager\GameManager.h" />
    <ClInclude Include="Manager\KeyboardManager.h" />
    <ClInclude Include="Manager\ObjectManager.h" />
    <ClInclude Include="Manager\PoolingSystem.h" />
    <ClInclude Include="Manager\RenderManager.h" />
    <ClInclude Include="Manager\Singleton.h" />
    <ClInclude Include="Manager\TimerManager.h" />
    <ClInclude Include="Math\GameMath.h" />
    <ClInclude Include="Math\Vector2.h" />
    <ClInclude Include="Framework\Resource.h" />
    <ClInclude Include="Framework\targetver.h" />
    <ClInclude Include="Objects\Actors\Actor.h" />
    <ClInclude Include="Objects\Actors\Block.h" />
    <ClInclude Include="Objects\Actors\Characters\Character.h" />
    <ClInclude Include="Objects\Actors\Characters\Monster\DogHead.h" />
    <ClInclude Include="Objects\Actors\Characters\Monster\Durahan.h" />
    <ClInclude Include="Objects\Actors\Characters\Monster\Goblin.h" />
    <ClInclude Include="Objects\Actors\Characters\Monster\Monster.h" />
    <ClInclude Include="Objects\Actors\Characters\Player\Player.h" />
    <ClInclude Include="Objects\Actors\Weapon\EnergyBall.h" />
    <ClInclude Include="Objects\Actors\Weapon\Weapon.h" />
    <ClInclude Include="Objects\Object.h" />
    <ClInclude Include="Scene\Scene.h" />
    <ClInclude Include="Objects\Collision.h" />
    <ClInclude Include="Scene\TestScene.h" />
    <ClInclude Include="Structs\TextureInfo.h" />
    <ClInclude Include="Structs\TimerHandle.h" />
    <ClInclude Include="Utilities\Implement.h" />
    <ClInclude Include="Structs\SpriteInfo.h" />
    <ClInclude Include="Utilities\Keyboard.h" />
    <ClInclude Include="Utilities\Texture.h" />
    <ClInclude Include="Objects\Pooling\EnergyBallPooling.h" />
    <ClInclude Include="Manager\DamageHandle.h" />
    <ClInclude Include="Structs\CharacterStatus.h" />
    <ClInclude Include="AI\AIController.h" />
    <ClInclude Include="AI\DogHeadAIController.h" />
  </ItemGroup>
  <ItemGroup>
    <ResourceCompile Include="Temp\APIClient.rc" />
  </ItemGroup>
  <ItemGroup>
    <Image Include="Temp\APIClient.ico" />
    <Image Include="Temp\small.ico" />
  </ItemGroup>
</Project>