<?xml version="1.0" encoding="utf-8"?>
<Project ToolsVersion="4.0" xmlns="http://schemas.microsoft.com/developer/msbuild/2003">
  <ItemGroup>
    <Filter Include="소스 파일">
      <UniqueIdentifier>{4FC737F1-C7A5-4376-A066-2A32D752A2FF}</UniqueIdentifier>
      <Extensions>cpp;c;cc;cxx;c++;cppm;ixx;def;odl;idl;hpj;bat;asm;asmx</Extensions>
    </Filter>
    <Filter Include="헤더 파일">
      <UniqueIdentifier>{93995380-89BD-4b04-88EB-625FBE52EBFB}</UniqueIdentifier>
      <Extensions>h;hh;hpp;hxx;h++;hm;inl;inc;ipp;xsd</Extensions>
    </Filter>
    <Filter Include="리소스 파일">
      <UniqueIdentifier>{67DA6AB6-F800-4c08-8B7A-83BB121AAD01}</UniqueIdentifier>
      <Extensions>rc;ico;cur;bmp;dlg;rc2;rct;bin;rgs;gif;jpg;jpeg;jpe;resx;tiff;tif;png;wav;mfcribbon-ms</Extensions>
    </Filter>
    <Filter Include="헤더 파일\Framework">
      <UniqueIdentifier>{39b45d61-fa23-473a-bdc6-5ef26680a4c2}</UniqueIdentifier>
    </Filter>
  </ItemGroup>
  <ItemGroup>
    <ClInclude Include="Framework\Framework.h">
      <Filter>헤더 파일</Filter>
    </ClInclude>
    <ClInclude Include="Framework\targetver.h">
      <Filter>헤더 파일</Filter>
    </ClInclude>
    <ClInclude Include="Framework\Resource.h">
      <Filter>헤더 파일</Filter>
    </ClInclude>
    <ClInclude Include="Framework\APIClient.h">
      <Filter>헤더 파일</Filter>
    </ClInclude>
    <ClInclude Include="Enums\Resolution.h">
      <Filter>헤더 파일</Filter>
    </ClInclude>
    <ClInclude Include="Math\Vector2.h">
      <Filter>헤더 파일</Filter>
    </ClInclude>
    <ClInclude Include="Manager\Singleton.h">
      <Filter>헤더 파일</Filter>
    </ClInclude>
    <ClInclude Include="Manager\GameManager.h">
      <Filter>헤더 파일</Filter>
    </ClInclude>
    <ClInclude Include="Objects\Object.h">
      <Filter>헤더 파일</Filter>
    </ClInclude>
    <ClInclude Include="Objects\Actors\Actor.h">
      <Filter>헤더 파일</Filter>
    </ClInclude>
    <ClInclude Include="Objects\Actors\Characters\Character.h">
      <Filter>헤더 파일</Filter>
    </ClInclude>
    <ClInclude Include="Objects\Actors\Characters\Player\Player.h">
      <Filter>헤더 파일</Filter>
    </ClInclude>
    <ClInclude Include="Framework\CharacterFramework.h">
      <Filter>헤더 파일</Filter>
    </ClInclude>
    <ClInclude Include="Manager\TimerManager.h">
      <Filter>헤더 파일</Filter>
    </ClInclude>
    <ClInclude Include="Manager\KeyboardManager.h">
      <Filter>헤더 파일</Filter>
    </ClInclude>
    <ClInclude Include="Scene\Scene.h">
      <Filter>헤더 파일</Filter>
    </ClInclude>
    <ClInclude Include="Objects\Collision.h">
      <Filter>헤더 파일</Filter>
    </ClInclude>
    <ClInclude Include="Enums\CollisionChannel.h">
      <Filter>헤더 파일</Filter>
    </ClInclude>
    <ClInclude Include="Manager\CollisionManager.h">
      <Filter>헤더 파일</Filter>
    </ClInclude>
    <ClInclude Include="Objects\Actors\Weapon\Weapon.h">
      <Filter>헤더 파일</Filter>
    </ClInclude>
    <ClInclude Include="Scene\TestScene.h">
      <Filter>헤더 파일</Filter>
    </ClInclude>
    <ClInclude Include="Utilities\Implement.h">
      <Filter>헤더 파일</Filter>
    </ClInclude>
    <ClInclude Include="Enums\ObjectType.h">
      <Filter>헤더 파일</Filter>
    </ClInclude>
    <ClInclude Include="Background\Background.h">
      <Filter>헤더 파일</Filter>
    </ClInclude>
    <ClInclude Include="Objects\Actors\Block.h">
      <Filter>헤더 파일</Filter>
    </ClInclude>
    <ClInclude Include="Structs\TextureInfo.h">
      <Filter>헤더 파일</Filter>
    </ClInclude>
    <ClInclude Include="Utilities\Texture.h">
      <Filter>헤더 파일</Filter>
    </ClInclude>
    <ClInclude Include="Enums\CharacterState.h">
      <Filter>헤더 파일</Filter>
    </ClInclude>
    <ClInclude Include="Structs\TimerHandle.h">
      <Filter>헤더 파일</Filter>
    </ClInclude>
    <ClInclude Include="Manager\ObjectManager.h">
      <Filter>헤더 파일</Filter>
    </ClInclude>
    <ClInclude Include="Enums\KeyValue.h">
      <Filter>헤더 파일</Filter>
    </ClInclude>
    <ClInclude Include="Animation\Animation.h">
      <Filter>헤더 파일</Filter>
    </ClInclude>
    <ClInclude Include="Animation\SpriteImage.h">
      <Filter>헤더 파일</Filter>
    </ClInclude>
    <ClInclude Include="Structs\SpriteInfo.h">
      <Filter>헤더 파일</Filter>
    </ClInclude>
    <ClInclude Include="Manager\RenderManager.h">
      <Filter>헤더 파일</Filter>
    </ClInclude>
    <ClInclude Include="Utilities\Keyboard.h">
      <Filter>헤더 파일</Filter>
    </ClInclude>
    <ClInclude Include="Objects\Actors\Characters\Monster\Monster.h">
      <Filter>헤더 파일</Filter>
    </ClInclude>
    <ClInclude Include="Objects\Actors\Characters\Monster\Goblin.h">
      <Filter>헤더 파일</Filter>
    </ClInclude>
    <ClInclude Include="Objects\Actors\Characters\Monster\Durahan.h">
      <Filter>헤더 파일</Filter>
    </ClInclude>
    <ClInclude Include="Components\Camera.h">
      <Filter>헤더 파일</Filter>
    </ClInclude>
    <ClInclude Include="Objects\Actors\Characters\Monster\DogHead.h">
      <Filter>헤더 파일</Filter>
    </ClInclude>
<<<<<<< HEAD
    <ClInclude Include="Objects\Actors\Weapon\EnergyBall.h">
      <Filter>헤더 파일</Filter>
    </ClInclude>
    <ClInclude Include="Math\GameMath.h">
      <Filter>헤더 파일</Filter>
    </ClInclude>
    <ClInclude Include="Manager\PoolingSystem.h">
      <Filter>헤더 파일</Filter>
    </ClInclude>
=======
>>>>>>> 7a6be36b68f2a221342a8e8667bebfcb8fc2377c
  </ItemGroup>
  <ItemGroup>
    <ClCompile Include="Framework\Main.cpp">
      <Filter>소스 파일</Filter>
    </ClCompile>
    <ClCompile Include="Manager\GameManager.cpp">
      <Filter>소스 파일</Filter>
    </ClCompile>
    <ClCompile Include="Objects\Object.cpp">
      <Filter>소스 파일</Filter>
    </ClCompile>
    <ClCompile Include="Objects\Actors\Actor.cpp">
      <Filter>소스 파일</Filter>
    </ClCompile>
    <ClCompile Include="Objects\Actors\Characters\Character.cpp">
      <Filter>소스 파일</Filter>
    </ClCompile>
    <ClCompile Include="Objects\Actors\Characters\Player\Player.cpp">
      <Filter>소스 파일</Filter>
    </ClCompile>
    <ClCompile Include="Manager\TimerManager.cpp">
      <Filter>소스 파일</Filter>
    </ClCompile>
    <ClCompile Include="Manager\KeyboardManager.cpp">
      <Filter>소스 파일</Filter>
    </ClCompile>
    <ClCompile Include="Objects\Collision.cpp">
      <Filter>소스 파일</Filter>
    </ClCompile>
    <ClCompile Include="Manager\CollisionManager.cpp">
      <Filter>소스 파일</Filter>
    </ClCompile>
    <ClCompile Include="Objects\Actors\Weapon\Weapon.cpp">
      <Filter>소스 파일</Filter>
    </ClCompile>
    <ClCompile Include="Scene\TestScene.cpp">
      <Filter>소스 파일</Filter>
    </ClCompile>
    <ClCompile Include="Background\Background.cpp">
      <Filter>소스 파일</Filter>
    </ClCompile>
    <ClCompile Include="Objects\Actors\Block.cpp">
      <Filter>소스 파일</Filter>
    </ClCompile>
    <ClCompile Include="Structs\TextureInfo.cpp">
      <Filter>소스 파일</Filter>
    </ClCompile>
    <ClCompile Include="Utilities\Texture.cpp">
      <Filter>소스 파일</Filter>
    </ClCompile>
    <ClCompile Include="Manager\ObjectManager.cpp">
      <Filter>소스 파일</Filter>
    </ClCompile>
    <ClCompile Include="Animation\Animation.cpp">
      <Filter>소스 파일</Filter>
    </ClCompile>
    <ClCompile Include="Structs\SpriteInfo.cpp">
      <Filter>소스 파일</Filter>
    </ClCompile>
    <ClCompile Include="Animation\SpriteImage.cpp">
      <Filter>소스 파일</Filter>
    </ClCompile>
    <ClCompile Include="Manager\RenderManager.cpp">
      <Filter>소스 파일</Filter>
    </ClCompile>
    <ClCompile Include="Utilities\Keyboard.cpp">
      <Filter>소스 파일</Filter>
    </ClCompile>
    <ClCompile Include="Objects\Actors\Characters\Monster\Monster.cpp">
      <Filter>소스 파일</Filter>
    </ClCompile>
    <ClCompile Include="Objects\Actors\Characters\Monster\Goblin.cpp">
      <Filter>소스 파일</Filter>
    </ClCompile>
    <ClCompile Include="Objects\Actors\Characters\Monster\Durahan.cpp">
      <Filter>소스 파일</Filter>
    </ClCompile>
    <ClCompile Include="Components\Camera.cpp">
      <Filter>소스 파일</Filter>
    </ClCompile>
    <ClCompile Include="Objects\Actors\Characters\Monster\DogHead.cpp">
      <Filter>소스 파일</Filter>
    </ClCompile>
<<<<<<< HEAD
    <ClCompile Include="Objects\Actors\Weapon\EnergyBall.cpp">
      <Filter>소스 파일</Filter>
    </ClCompile>
    <ClCompile Include="Math\GameMath.cpp">
      <Filter>소스 파일</Filter>
    </ClCompile>
    <ClCompile Include="Manager\PoolingSystem.cpp">
      <Filter>소스 파일</Filter>
    </ClCompile>
=======
>>>>>>> 7a6be36b68f2a221342a8e8667bebfcb8fc2377c
  </ItemGroup>
  <ItemGroup>
    <ResourceCompile Include="Temp\APIClient.rc">
      <Filter>리소스 파일</Filter>
    </ResourceCompile>
  </ItemGroup>
  <ItemGroup>
    <Image Include="Temp\small.ico">
      <Filter>리소스 파일</Filter>
    </Image>
    <Image Include="Temp\APIClient.ico">
      <Filter>리소스 파일</Filter>
    </Image>
  </ItemGroup>
</Project>